// !$*UTF8*$!
{
	archiveVersion = 1;
	classes = {
	};
	objectVersion = 50;
	objects = {

/* Begin PBXBuildFile section */
		E3B344B7208EBFBF0076E101 /* AppDelegate.swift in Sources */ = {isa = PBXBuildFile; fileRef = E3B344B6208EBFBF0076E101 /* AppDelegate.swift */; };
		E3B344B9208EBFBF0076E101 /* BookListViewController.swift in Sources */ = {isa = PBXBuildFile; fileRef = E3B344B8208EBFBF0076E101 /* BookListViewController.swift */; };
		E3B344BE208EBFC10076E101 /* Assets.xcassets in Resources */ = {isa = PBXBuildFile; fileRef = E3B344BD208EBFC10076E101 /* Assets.xcassets */; };
		E3B344CB208EC9930076E101 /* BookListRouter.swift in Sources */ = {isa = PBXBuildFile; fileRef = E3B344CA208EC9930076E101 /* BookListRouter.swift */; };
		E3B344D3208ECA660076E101 /* Book.swift in Sources */ = {isa = PBXBuildFile; fileRef = E3B344D2208ECA660076E101 /* Book.swift */; };
		E3B344D6208ECED20076E101 /* AppRouter.swift in Sources */ = {isa = PBXBuildFile; fileRef = E3B344D5208ECED20076E101 /* AppRouter.swift */; };
		E3B344D9208ED1590076E101 /* BookListPresenter.swift in Sources */ = {isa = PBXBuildFile; fileRef = E3B344D8208ED1590076E101 /* BookListPresenter.swift */; };
		E3B344E1208ED4BA0076E101 /* BookListModel.swift in Sources */ = {isa = PBXBuildFile; fileRef = E3B344E0208ED4BA0076E101 /* BookListModel.swift */; };
		E3B344E3208EEB540076E101 /* BookListView.swift in Sources */ = {isa = PBXBuildFile; fileRef = E3B344E2208EEB540076E101 /* BookListView.swift */; };
		E3B344E5208EF2D20076E101 /* BookListTableViewCell.swift in Sources */ = {isa = PBXBuildFile; fileRef = E3B344E4208EF2D20076E101 /* BookListTableViewCell.swift */; };
		E3B344E8208EF3120076E101 /* UITableViewCellExtension.swift in Sources */ = {isa = PBXBuildFile; fileRef = E3B344E7208EF3120076E101 /* UITableViewCellExtension.swift */; };
		E3B344EB208EF7FA0076E101 /* BookDetailViewController.swift in Sources */ = {isa = PBXBuildFile; fileRef = E3B344EA208EF7FA0076E101 /* BookDetailViewController.swift */; };
/* End PBXBuildFile section */

/* Begin PBXFileReference section */
		E3B344B3208EBFBF0076E101 /* LearnMVP.app */ = {isa = PBXFileReference; explicitFileType = wrapper.application; includeInIndex = 0; path = LearnMVP.app; sourceTree = BUILT_PRODUCTS_DIR; };
		E3B344B6208EBFBF0076E101 /* AppDelegate.swift */ = {isa = PBXFileReference; lastKnownFileType = sourcecode.swift; path = AppDelegate.swift; sourceTree = "<group>"; };
		E3B344B8208EBFBF0076E101 /* BookListViewController.swift */ = {isa = PBXFileReference; lastKnownFileType = sourcecode.swift; path = BookListViewController.swift; sourceTree = "<group>"; };
		E3B344BD208EBFC10076E101 /* Assets.xcassets */ = {isa = PBXFileReference; lastKnownFileType = folder.assetcatalog; path = Assets.xcassets; sourceTree = "<group>"; };
		E3B344C2208EBFC10076E101 /* Info.plist */ = {isa = PBXFileReference; lastKnownFileType = text.plist.xml; path = Info.plist; sourceTree = "<group>"; };
		E3B344CA208EC9930076E101 /* BookListRouter.swift */ = {isa = PBXFileReference; lastKnownFileType = sourcecode.swift; path = BookListRouter.swift; sourceTree = "<group>"; };
		E3B344D2208ECA660076E101 /* Book.swift */ = {isa = PBXFileReference; lastKnownFileType = sourcecode.swift; path = Book.swift; sourceTree = "<group>"; };
		E3B344D5208ECED20076E101 /* AppRouter.swift */ = {isa = PBXFileReference; lastKnownFileType = sourcecode.swift; path = AppRouter.swift; sourceTree = "<group>"; };
		E3B344D8208ED1590076E101 /* BookListPresenter.swift */ = {isa = PBXFileReference; lastKnownFileType = sourcecode.swift; path = BookListPresenter.swift; sourceTree = "<group>"; };
		E3B344E0208ED4BA0076E101 /* BookListModel.swift */ = {isa = PBXFileReference; lastKnownFileType = sourcecode.swift; path = BookListModel.swift; sourceTree = "<group>"; };
		E3B344E2208EEB540076E101 /* BookListView.swift */ = {isa = PBXFileReference; lastKnownFileType = sourcecode.swift; path = BookListView.swift; sourceTree = "<group>"; };
		E3B344E4208EF2D20076E101 /* BookListTableViewCell.swift */ = {isa = PBXFileReference; lastKnownFileType = sourcecode.swift; path = BookListTableViewCell.swift; sourceTree = "<group>"; };
		E3B344E7208EF3120076E101 /* UITableViewCellExtension.swift */ = {isa = PBXFileReference; lastKnownFileType = sourcecode.swift; path = UITableViewCellExtension.swift; sourceTree = "<group>"; };
		E3B344EA208EF7FA0076E101 /* BookDetailViewController.swift */ = {isa = PBXFileReference; lastKnownFileType = sourcecode.swift; path = BookDetailViewController.swift; sourceTree = "<group>"; };
/* End PBXFileReference section */

/* Begin PBXFrameworksBuildPhase section */
		E3B344B0208EBFBF0076E101 /* Frameworks */ = {
			isa = PBXFrameworksBuildPhase;
			buildActionMask = 2147483647;
			files = (
			);
			runOnlyForDeploymentPostprocessing = 0;
		};
/* End PBXFrameworksBuildPhase section */

/* Begin PBXGroup section */
		E3B344AA208EBFBF0076E101 = {
			isa = PBXGroup;
			children = (
				E3B344B5208EBFBF0076E101 /* LearnMVP */,
				E3B344B4208EBFBF0076E101 /* Products */,
			);
			sourceTree = "<group>";
		};
		E3B344B4208EBFBF0076E101 /* Products */ = {
			isa = PBXGroup;
			children = (
				E3B344B3208EBFBF0076E101 /* LearnMVP.app */,
			);
			name = Products;
			sourceTree = "<group>";
		};
		E3B344B5208EBFBF0076E101 /* LearnMVP */ = {
			isa = PBXGroup;
			children = (
				E3B344E6208EF2F90076E101 /* Extension */,
				E3B344DE208ED4840076E101 /* Entity */,
				E3B344CE208ECA010076E101 /* Model */,
				E3B344CF208ECA090076E101 /* View */,
				E3B344CD208EC9F50076E101 /* Presenter */,
				E3B344CC208EC9EB0076E101 /* Router */,
				E3B344B6208EBFBF0076E101 /* AppDelegate.swift */,
				E3B344BD208EBFC10076E101 /* Assets.xcassets */,
				E3B344C2208EBFC10076E101 /* Info.plist */,
			);
			path = LearnMVP;
			sourceTree = "<group>";
		};
		E3B344CC208EC9EB0076E101 /* Router */ = {
			isa = PBXGroup;
			children = (
				E3B344D4208ECE350076E101 /* App */,
				E3B344D0208ECA340076E101 /* BookList */,
			);
			path = Router;
			sourceTree = "<group>";
		};
		E3B344CD208EC9F50076E101 /* Presenter */ = {
			isa = PBXGroup;
			children = (
				E3B344D7208ED1460076E101 /* BookList */,
			);
			path = Presenter;
			sourceTree = "<group>";
		};
		E3B344CE208ECA010076E101 /* Model */ = {
			isa = PBXGroup;
			children = (
				E3B344DF208ED4AE0076E101 /* BookList */,
			);
			path = Model;
			sourceTree = "<group>";
		};
		E3B344CF208ECA090076E101 /* View */ = {
			isa = PBXGroup;
			children = (
				E3B344D1208ECA430076E101 /* BookList */,
				E3B344E9208EF7E00076E101 /* BookDetail */,
			);
			path = View;
			sourceTree = "<group>";
		};
		E3B344D0208ECA340076E101 /* BookList */ = {
			isa = PBXGroup;
			children = (
				E3B344CA208EC9930076E101 /* BookListRouter.swift */,
			);
			path = BookList;
			sourceTree = "<group>";
		};
		E3B344D1208ECA430076E101 /* BookList */ = {
			isa = PBXGroup;
			children = (
				E3B344E2208EEB540076E101 /* BookListView.swift */,
				E3B344B8208EBFBF0076E101 /* BookListViewController.swift */,
				E3B344E4208EF2D20076E101 /* BookListTableViewCell.swift */,
			);
			path = BookList;
			sourceTree = "<group>";
		};
		E3B344D4208ECE350076E101 /* App */ = {
			isa = PBXGroup;
			children = (
				E3B344D5208ECED20076E101 /* AppRouter.swift */,
			);
			path = App;
			sourceTree = "<group>";
		};
		E3B344D7208ED1460076E101 /* BookList */ = {
			isa = PBXGroup;
			children = (
				E3B344D8208ED1590076E101 /* BookListPresenter.swift */,
			);
			path = BookList;
			sourceTree = "<group>";
		};
		E3B344DE208ED4840076E101 /* Entity */ = {
			isa = PBXGroup;
			children = (
				E3B344D2208ECA660076E101 /* Book.swift */,
			);
			path = Entity;
			sourceTree = "<group>";
		};
		E3B344DF208ED4AE0076E101 /* BookList */ = {
			isa = PBXGroup;
			children = (
				E3B344E0208ED4BA0076E101 /* BookListModel.swift */,
			);
			path = BookList;
			sourceTree = "<group>";
		};
		E3B344E6208EF2F90076E101 /* Extension */ = {
			isa = PBXGroup;
			children = (
				E3B344E7208EF3120076E101 /* UITableViewCellExtension.swift */,
			);
			path = Extension;
			sourceTree = "<group>";
		};
		E3B344E9208EF7E00076E101 /* BookDetail */ = {
			isa = PBXGroup;
			children = (
				E3B344EA208EF7FA0076E101 /* BookDetailViewController.swift */,
			);
			path = BookDetail;
			sourceTree = "<group>";
		};
/* End PBXGroup section */

/* Begin PBXNativeTarget section */
		E3B344B2208EBFBF0076E101 /* LearnMVP */ = {
			isa = PBXNativeTarget;
			buildConfigurationList = E3B344C5208EBFC10076E101 /* Build configuration list for PBXNativeTarget "LearnMVP" */;
			buildPhases = (
				E3B344AF208EBFBF0076E101 /* Sources */,
				E3B344B0208EBFBF0076E101 /* Frameworks */,
				E3B344B1208EBFBF0076E101 /* Resources */,
			);
			buildRules = (
			);
			dependencies = (
			);
			name = LearnMVP;
			productName = LearnMVP;
			productReference = E3B344B3208EBFBF0076E101 /* LearnMVP.app */;
			productType = "com.apple.product-type.application";
		};
/* End PBXNativeTarget section */

/* Begin PBXProject section */
		E3B344AB208EBFBF0076E101 /* Project object */ = {
			isa = PBXProject;
			attributes = {
				LastSwiftUpdateCheck = 0930;
				LastUpgradeCheck = 0930;
				ORGANIZATIONNAME = "王雁";
				TargetAttributes = {
					E3B344B2208EBFBF0076E101 = {
						CreatedOnToolsVersion = 9.3;
					};
				};
			};
			buildConfigurationList = E3B344AE208EBFBF0076E101 /* Build configuration list for PBXProject "LearnMVP" */;
			compatibilityVersion = "Xcode 9.3";
			developmentRegion = en;
			hasScannedForEncodings = 0;
			knownRegions = (
				en,
				Base,
			);
			mainGroup = E3B344AA208EBFBF0076E101;
			productRefGroup = E3B344B4208EBFBF0076E101 /* Products */;
			projectDirPath = "";
			projectRoot = "";
			targets = (
				E3B344B2208EBFBF0076E101 /* LearnMVP */,
			);
		};
/* End PBXProject section */

/* Begin PBXResourcesBuildPhase section */
		E3B344B1208EBFBF0076E101 /* Resources */ = {
			isa = PBXResourcesBuildPhase;
			buildActionMask = 2147483647;
			files = (
				E3B344BE208EBFC10076E101 /* Assets.xcassets in Resources */,
			);
			runOnlyForDeploymentPostprocessing = 0;
		};
/* End PBXResourcesBuildPhase section */

/* Begin PBXSourcesBuildPhase section */
		E3B344AF208EBFBF0076E101 /* Sources */ = {
			isa = PBXSourcesBuildPhase;
			buildActionMask = 2147483647;
			files = (
				E3B344D3208ECA660076E101 /* Book.swift in Sources */,
				E3B344D9208ED1590076E101 /* BookListPresenter.swift in Sources */,
				E3B344CB208EC9930076E101 /* BookListRouter.swift in Sources */,
				E3B344B9208EBFBF0076E101 /* BookListViewController.swift in Sources */,
				E3B344EB208EF7FA0076E101 /* BookDetailViewController.swift in Sources */,
				E3B344E5208EF2D20076E101 /* BookListTableViewCell.swift in Sources */,
				E3B344D6208ECED20076E101 /* AppRouter.swift in Sources */,
				E3B344E1208ED4BA0076E101 /* BookListModel.swift in Sources */,
				E3B344E8208EF3120076E101 /* UITableViewCellExtension.swift in Sources */,
				E3B344B7208EBFBF0076E101 /* AppDelegate.swift in Sources */,
				E3B344E3208EEB540076E101 /* BookListView.swift in Sources */,
			);
			runOnlyForDeploymentPostprocessing = 0;
		};
/* End PBXSourcesBuildPhase section */

/* Begin XCBuildConfiguration section */
		E3B344C3208EBFC10076E101 /* Debug */ = {
			isa = XCBuildConfiguration;
			buildSettings = {
				ALWAYS_SEARCH_USER_PATHS = NO;
				CLANG_ANALYZER_NONNULL = YES;
				CLANG_ANALYZER_NUMBER_OBJECT_CONVERSION = YES_AGGRESSIVE;
				CLANG_CXX_LANGUAGE_STANDARD = "gnu++14";
				CLANG_CXX_LIBRARY = "libc++";
				CLANG_ENABLE_MODULES = YES;
				CLANG_ENABLE_OBJC_ARC = YES;
				CLANG_ENABLE_OBJC_WEAK = YES;
				CLANG_WARN_BLOCK_CAPTURE_AUTORELEASING = YES;
				CLANG_WARN_BOOL_CONVERSION = YES;
				CLANG_WARN_COMMA = YES;
				CLANG_WARN_CONSTANT_CONVERSION = YES;
				CLANG_WARN_DEPRECATED_OBJC_IMPLEMENTATIONS = YES;
				CLANG_WARN_DIRECT_OBJC_ISA_USAGE = YES_ERROR;
				CLANG_WARN_DOCUMENTATION_COMMENTS = YES;
				CLANG_WARN_EMPTY_BODY = YES;
				CLANG_WARN_ENUM_CONVERSION = YES;
				CLANG_WARN_INFINITE_RECURSION = YES;
				CLANG_WARN_INT_CONVERSION = YES;
				CLANG_WARN_NON_LITERAL_NULL_CONVERSION = YES;
				CLANG_WARN_OBJC_IMPLICIT_RETAIN_SELF = YES;
				CLANG_WARN_OBJC_LITERAL_CONVERSION = YES;
				CLANG_WARN_OBJC_ROOT_CLASS = YES_ERROR;
				CLANG_WARN_RANGE_LOOP_ANALYSIS = YES;
				CLANG_WARN_STRICT_PROTOTYPES = YES;
				CLANG_WARN_SUSPICIOUS_MOVE = YES;
				CLANG_WARN_UNGUARDED_AVAILABILITY = YES_AGGRESSIVE;
				CLANG_WARN_UNREACHABLE_CODE = YES;
				CLANG_WARN__DUPLICATE_METHOD_MATCH = YES;
				CODE_SIGN_IDENTITY = "iPhone Developer";
				COPY_PHASE_STRIP = NO;
				DEBUG_INFORMATION_FORMAT = dwarf;
				ENABLE_STRICT_OBJC_MSGSEND = YES;
				ENABLE_TESTABILITY = YES;
				GCC_C_LANGUAGE_STANDARD = gnu11;
				GCC_DYNAMIC_NO_PIC = NO;
				GCC_NO_COMMON_BLOCKS = YES;
				GCC_OPTIMIZATION_LEVEL = 0;
				GCC_PREPROCESSOR_DEFINITIONS = (
					"DEBUG=1",
					"$(inherited)",
				);
				GCC_WARN_64_TO_32_BIT_CONVERSION = YES;
				GCC_WARN_ABOUT_RETURN_TYPE = YES_ERROR;
				GCC_WARN_UNDECLARED_SELECTOR = YES;
				GCC_WARN_UNINITIALIZED_AUTOS = YES_AGGRESSIVE;
				GCC_WARN_UNUSED_FUNCTION = YES;
				GCC_WARN_UNUSED_VARIABLE = YES;
				IPHONEOS_DEPLOYMENT_TARGET = 11.3;
				MTL_ENABLE_DEBUG_INFO = YES;
				ONLY_ACTIVE_ARCH = YES;
				SDKROOT = iphoneos;
				SWIFT_ACTIVE_COMPILATION_CONDITIONS = DEBUG;
				SWIFT_OPTIMIZATION_LEVEL = "-Onone";
			};
			name = Debug;
		};
		E3B344C4208EBFC10076E101 /* Release */ = {
			isa = XCBuildConfiguration;
			buildSettings = {
				ALWAYS_SEARCH_USER_PATHS = NO;
				CLANG_ANALYZER_NONNULL = YES;
				CLANG_ANALYZER_NUMBER_OBJECT_CONVERSION = YES_AGGRESSIVE;
				CLANG_CXX_LANGUAGE_STANDARD = "gnu++14";
				CLANG_CXX_LIBRARY = "libc++";
				CLANG_ENABLE_MODULES = YES;
				CLANG_ENABLE_OBJC_ARC = YES;
				CLANG_ENABLE_OBJC_WEAK = YES;
				CLANG_WARN_BLOCK_CAPTURE_AUTORELEASING = YES;
				CLANG_WARN_BOOL_CONVERSION = YES;
				CLANG_WARN_COMMA = YES;
				CLANG_WARN_CONSTANT_CONVERSION = YES;
				CLANG_WARN_DEPRECATED_OBJC_IMPLEMENTATIONS = YES;
				CLANG_WARN_DIRECT_OBJC_ISA_USAGE = YES_ERROR;
				CLANG_WARN_DOCUMENTATION_COMMENTS = YES;
				CLANG_WARN_EMPTY_BODY = YES;
				CLANG_WARN_ENUM_CONVERSION = YES;
				CLANG_WARN_INFINITE_RECURSION = YES;
				CLANG_WARN_INT_CONVERSION = YES;
				CLANG_WARN_NON_LITERAL_NULL_CONVERSION = YES;
				CLANG_WARN_OBJC_IMPLICIT_RETAIN_SELF = YES;
				CLANG_WARN_OBJC_LITERAL_CONVERSION = YES;
				CLANG_WARN_OBJC_ROOT_CLASS = YES_ERROR;
				CLANG_WARN_RANGE_LOOP_ANALYSIS = YES;
				CLANG_WARN_STRICT_PROTOTYPES = YES;
				CLANG_WARN_SUSPICIOUS_MOVE = YES;
				CLANG_WARN_UNGUARDED_AVAILABILITY = YES_AGGRESSIVE;
				CLANG_WARN_UNREACHABLE_CODE = YES;
				CLANG_WARN__DUPLICATE_METHOD_MATCH = YES;
				CODE_SIGN_IDENTITY = "iPhone Developer";
				COPY_PHASE_STRIP = NO;
				DEBUG_INFORMATION_FORMAT = "dwarf-with-dsym";
				ENABLE_NS_ASSERTIONS = NO;
				ENABLE_STRICT_OBJC_MSGSEND = YES;
				GCC_C_LANGUAGE_STANDARD = gnu11;
				GCC_NO_COMMON_BLOCKS = YES;
				GCC_WARN_64_TO_32_BIT_CONVERSION = YES;
				GCC_WARN_ABOUT_RETURN_TYPE = YES_ERROR;
				GCC_WARN_UNDECLARED_SELECTOR = YES;
				GCC_WARN_UNINITIALIZED_AUTOS = YES_AGGRESSIVE;
				GCC_WARN_UNUSED_FUNCTION = YES;
				GCC_WARN_UNUSED_VARIABLE = YES;
				IPHONEOS_DEPLOYMENT_TARGET = 11.3;
				MTL_ENABLE_DEBUG_INFO = NO;
				SDKROOT = iphoneos;
				SWIFT_COMPILATION_MODE = wholemodule;
				SWIFT_OPTIMIZATION_LEVEL = "-O";
				VALIDATE_PRODUCT = YES;
			};
			name = Release;
		};
		E3B344C6208EBFC10076E101 /* Debug */ = {
			isa = XCBuildConfiguration;
			buildSettings = {
				ASSETCATALOG_COMPILER_APPICON_NAME = AppIcon;
				CODE_SIGN_STYLE = Automatic;
				DEVELOPMENT_TEAM = 9Q2C2WD8HH;
				INFOPLIST_FILE = LearnMVP/Info.plist;
				IPHONEOS_DEPLOYMENT_TARGET = 10.0;
				LD_RUNPATH_SEARCH_PATHS = (
					"$(inherited)",
					"@executable_path/Frameworks",
				);
				PRODUCT_BUNDLE_IDENTIFIER = im.wangyan.LearnMVP;
				PRODUCT_NAME = "$(TARGET_NAME)";
				SWIFT_VERSION = 4.0;
				TARGETED_DEVICE_FAMILY = "1,2";
			};
			name = Debug;
		};
		E3B344C7208EBFC10076E101 /* Release */ = {
			isa = XCBuildConfiguration;
			buildSettings = {
				ASSETCATALOG_COMPILER_APPICON_NAME = AppIcon;
				CODE_SIGN_STYLE = Automatic;
				DEVELOPMENT_TEAM = 9Q2C2WD8HH;
				INFOPLIST_FILE = LearnMVP/Info.plist;
				IPHONEOS_DEPLOYMENT_TARGET = 10.0;
				LD_RUNPATH_SEARCH_PATHS = (
					"$(inherited)",
					"@executable_path/Frameworks",
				);
				PRODUCT_BUNDLE_IDENTIFIER = im.wangyan.LearnMVP;
				PRODUCT_NAME = "$(TARGET_NAME)";
				SWIFT_VERSION = 4.0;
				TARGETED_DEVICE_FAMILY = "1,2";
			};
			name = Release;
		};
/* End XCBuildConfiguration section */

/* Begin XCConfigurationList section */
		E3B344AE208EBFBF0076E101 /* Build configuration list for PBXProject "LearnMVP" */ = {
			isa = XCConfigurationList;
			buildConfigurations = (
				E3B344C3208EBFC10076E101 /* Debug */,
				E3B344C4208EBFC10076E101 /* Release */,
			);
			defaultConfigurationIsVisible = 0;
			defaultConfigurationName = Release;
		};
		E3B344C5208EBFC10076E101 /* Build configuration list for PBXNativeTarget "LearnMVP" */ = {
			isa = XCConfigurationList;
			buildConfigurations = (
				E3B344C6208EBFC10076E101 /* Debug */,
				E3B344C7208EBFC10076E101 /* Release */,
			);
			defaultConfigurationIsVisible = 0;
			defaultConfigurationName = Release;
		};
/* End XCConfigurationList section */
	};
	rootObject = E3B344AB208EBFBF0076E101 /* Project object */;
}
